{
  "requires": true,
  "lockfileVersion": 1,
  "dependencies": {
    "tone": {
      "version": "13.0.1",
      "resolved": "https://registry.npmjs.org/tone/-/tone-13.0.1.tgz",
      "integrity": "sha512-WVM2d83mXMm1A2BDjFuz92szica5K9ndZ97dNcGM11qKRySW6kvdUFPn2CTny8bYN62AgFMV6tpnOmj5rBAgQw=="
    }
  }
}
